
Microsoft Visual Studio Solution File, Format Version 12.00
# Visual Studio Version 17
VisualStudioVersion = 17.9.34616.47
MinimumVisualStudioVersion = 10.0.40219.1
Project("{FAE04EC0-301F-11D3-BF4B-00C04F79EFBC}") = "tpmodul4_1302223066", "tpmodul4_1302223066\tpmodul4_1302223066.csproj", "{E1458E09-C8D9-4368-B8C2-82E555BE7827}"
EndProject
Global
	GlobalSection(SolutionConfigurationPlatforms) = preSolution
		Debug|Any CPU = Debug|Any CPU
		Release|Any CPU = Release|Any CPU
	EndGlobalSection
	GlobalSection(ProjectConfigurationPlatforms) = postSolution
		{E1458E09-C8D9-4368-B8C2-82E555BE7827}.Debug|Any CPU.ActiveCfg = Debug|Any CPU
		{E1458E09-C8D9-4368-B8C2-82E555BE7827}.Debug|Any CPU.Build.0 = Debug|Any CPU
		{E1458E09-C8D9-4368-B8C2-82E555BE7827}.Release|Any CPU.ActiveCfg = Release|Any CPU
		{E1458E09-C8D9-4368-B8C2-82E555BE7827}.Release|Any CPU.Build.0 = Release|Any CPU
	EndGlobalSection
	GlobalSection(SolutionProperties) = preSolution
		HideSolutionNode = FALSE
	EndGlobalSection
	GlobalSection(ExtensibilityGlobals) = postSolution
		SolutionGuid = {DCDA036B-4E88-453E-A2D6-B256E5336DE0}
	EndGlobalSection
EndGlobal
